
Microsoft Visual Studio Solution File, Format Version 12.00
# Visual Studio Version 17
VisualStudioVersion = 17.10.34928.147
MinimumVisualStudioVersion = 10.0.40219.1
Project("{FAE04EC0-301F-11D3-BF4B-00C04F79EFBC}") = "Hnefatafl", "Hnefatafl\Hnefatafl.csproj", "{7CBB2920-557D-4E3C-B2D5-4A8E4ABB387C}"
EndProject
Global
	GlobalSection(SolutionConfigurationPlatforms) = preSolution
		Debug|Any CPU = Debug|Any CPU
		Release|Any CPU = Release|Any CPU
	EndGlobalSection
	GlobalSection(ProjectConfigurationPlatforms) = postSolution
		{7CBB2920-557D-4E3C-B2D5-4A8E4ABB387C}.Debug|Any CPU.ActiveCfg = Debug|Any CPU
		{7CBB2920-557D-4E3C-B2D5-4A8E4ABB387C}.Debug|Any CPU.Build.0 = Debug|Any CPU
		{7CBB2920-557D-4E3C-B2D5-4A8E4ABB387C}.Debug|Any CPU.Deploy.0 = Debug|Any CPU
		{7CBB2920-557D-4E3C-B2D5-4A8E4ABB387C}.Release|Any CPU.ActiveCfg = Release|Any CPU
		{7CBB2920-557D-4E3C-B2D5-4A8E4ABB387C}.Release|Any CPU.Build.0 = Release|Any CPU
		{7CBB2920-557D-4E3C-B2D5-4A8E4ABB387C}.Release|Any CPU.Deploy.0 = Release|Any CPU
	EndGlobalSection
	GlobalSection(SolutionProperties) = preSolution
		HideSolutionNode = FALSE
	EndGlobalSection
	GlobalSection(ExtensibilityGlobals) = postSolution
		SolutionGuid = {65E0C3C8-6ADA-45D8-A550-B67496195A13}
	EndGlobalSection
EndGlobal
